# This file was autogenerated by Stack.
# You should not edit this file by hand.
# For more information, please see the documentation at:
#   https://docs.haskellstack.org/en/stable/lock_files

packages:
- completed:
    hackage: fgl-arbitrary-0.2.0.5@sha256:ac97bd8fb95bbf4d11cfc53ab8cd135c3c08cc5d6c1f1be5722762d1b8947df8,1754
    pantry-tree:
      size: 338
      sha256: 6d526593e0569df30b7d5e731d1d18e7e6153b236536db80965bc62803d5eb04
  original:
    hackage: fgl-arbitrary-0.2.0.5@sha256:ac97bd8fb95bbf4d11cfc53ab8cd135c3c08cc5d6c1f1be5722762d1b8947df8,1754
snapshots:
- completed:
    size: 533252
    url: https://raw.githubusercontent.com/commercialhaskell/stackage-snapshots/master/lts/16/27.yaml
    sha256: c2aaae52beeacf6a5727c1010f50e89d03869abfab6d2c2658ade9da8ed50c73
  original: lts-16.27
